// !$*UTF8*$!
{
	archiveVersion = 1;
	classes = {
	};
	objectVersion = 77;
	objects = {

/* Begin PBXBuildFile section */
		7AC916CE2FDDEB1C00821428 /* Core in Frameworks */ = {isa = PBXBuildFile; productRef = 7AC916CD2FDDEB1C00821428 /* Core */; };
		7AC916D22FDDEB1C00821428 /* QuantumScenes in Frameworks */ = {isa = PBXBuildFile; productRef = 7AC916D12FDDEB1C00821428 /* QuantumScenes */; };
/* End PBXBuildFile section */

/* Begin PBXContainerItemProxy section */
		7AC915BF2FDDDF1200821428 /* PBXContainerItemProxy */ = {
			isa = PBXContainerItemProxy;
			containerPortal = 7AC915A92FDDDF1200821428 /* Project object */;
			proxyType = 1;
			remoteGlobalIDString = 7AC915B02FDDDF1200821428;
			remoteInfo = QuantumCore;
		};
		7AC915C92FDDDF1200821428 /* PBXContainerItemProxy */ = {
			isa = PBXContainerItemProxy;
			containerPortal = 7AC915A92FDDDF1200821428 /* Project object */;
			proxyType = 1;
			remoteGlobalIDString = 7AC915B02FDDDF1200821428;
			remoteInfo = QuantumCore;
		};
/* End PBXContainerItemProxy section */

/* Begin PBXFileReference section */
		7AC915B12FDDDF1200821428 /* QuantumCore.app */ = {isa = PBXFileReference; explicitFileType = wrapper.application; includeInIndex = 0; path = QuantumCore.app; sourceTree = BUILT_PRODUCTS_DIR; };
		7AC915BE2FDDDF1200821428 /* QuantumCoreTests.xctest */ = {isa = PBXFileReference; explicitFileType = wrapper.cfbundle; includeInIndex = 0; path = QuantumCoreTests.xctest; sourceTree = BUILT_PRODUCTS_DIR; };
		7AC915C82FDDDF1200821428 /* QuantumCoreUITests.xctest */ = {isa = PBXFileReference; explicitFileType = wrapper.cfbundle; includeInIndex = 0; path = QuantumCoreUITests.xctest; sourceTree = BUILT_PRODUCTS_DIR; };
/* End PBXFileReference section */

/* Begin PBXFileSystemSynchronizedRootGroup section */
		7AC915B32FDDDF1200821428 /* QuantumCore */ = {
			isa = PBXFileSystemSynchronizedRootGroup;
			path = QuantumCore;
			sourceTree = "<group>";
		};
		7AC915C12FDDDF1200821428 /* QuantumCoreTests */ = {
			isa = PBXFileSystemSynchronizedRootGroup;
			path = QuantumCoreTests;
			sourceTree = "<group>";
		};
		7AC915CB2FDDDF1200821428 /* QuantumCoreUITests */ = {
			isa = PBXFileSystemSynchronizedRootGroup;
			path = QuantumCoreUITests;
			sourceTree = "<group>";
		};
/* End PBXFileSystemSynchronizedRootGroup section */

/* Begin PBXFrameworksBuildPhase section */
		7AC915AE2FDDDF1200821428 /* Frameworks */ = {
			isa = PBXFrameworksBuildPhase;
			buildActionMask = 2147483647;
			files = (
				7AC916CE2FDDEB1C00821428 /* Core in Frameworks */,
				7AC916D22FDDEB1C00821428 /* QuantumScenes in Frameworks */,
			);
			runOnlyForDeploymentPostprocessing = 0;
		};
		7AC915BB2FDDDF1200821428 /* Frameworks */ = {
			isa = PBXFrameworksBuildPhase;
			buildActionMask = 2147483647;
			files = (
			);
			runOnlyForDeploymentPostprocessing = 0;
		};
		7AC915C52FDDDF1200821428 /* Frameworks */ = {
			isa = PBXFrameworksBuildPhase;
			buildActionMask = 2147483647;
			files = (
			);
			runOnlyForDeploymentPostprocessing = 0;
		};
/* End PBXFrameworksBuildPhase section */

/* Begin PBXGroup section */
		7AC915A82FDDDF1200821428 = {
			isa = PBXGroup;
			children = (
				7AC915B32FDDDF1200821428 /* QuantumCore */,
				7AC915C12FDDDF1200821428 /* QuantumCoreTests */,
				7AC915CB2FDDDF1200821428 /* QuantumCoreUITests */,
				7AC916CC2FDDEB1C00821428 /* Frameworks */,
				7AC915B22FDDDF1200821428 /* Products */,
			);
			sourceTree = "<group>";
		};
		7AC915B22FDDDF1200821428 /* Products */ = {
			isa = PBXGroup;
			children = (
				7AC915B12FDDDF1200821428 /* QuantumCore.app */,
				7AC915BE2FDDDF1200821428 /* QuantumCoreTests.xctest */,
				7AC915C82FDDDF1200821428 /* QuantumCoreUITests.xctest */,
			);
			name = Products;
			sourceTree = "<group>";
		};
		7AC916CC2FDDEB1C00821428 /* Frameworks */ = {
			isa = PBXGroup;
			children = (
			);
			name = Frameworks;
			sourceTree = "<group>";
		};
/* End PBXGroup section */

/* Begin PBXNativeTarget section */
		7AC915B02FDDDF1200821428 /* QuantumCore */ = {
			isa = PBXNativeTarget;
			buildConfigurationList = 7AC915D22FDDDF1200821428 /* Build configuration list for PBXNativeTarget "QuantumCore" */;
			buildPhases = (
				7AC915AD2FDDDF1200821428 /* Sources */,
				7AC915AE2FDDDF1200821428 /* Frameworks */,
				7AC915AF2FDDDF1200821428 /* Resources */,
			);
			buildRules = (
			);
			dependencies = (
			);
			fileSystemSynchronizedGroups = (
				7AC915B32FDDDF1200821428 /* QuantumCore */,
			);
			name = QuantumCore;
			packageProductDependencies = (
				7AC916CD2FDDEB1C00821428 /* Core */,
				7AC916D12FDDEB1C00821428 /* QuantumScenes */,
			);
			productName = QuantumCore;
			productReference = 7AC915B12FDDDF1200821428 /* QuantumCore.app */;
			productType = "com.apple.product-type.application";
		};
		7AC915BD2FDDDF1200821428 /* QuantumCoreTests */ = {
			isa = PBXNativeTarget;
			buildConfigurationList = 7AC915D52FDDDF1200821428 /* Build configuration list for PBXNativeTarget "QuantumCoreTests" */;
			buildPhases = (
				7AC915BA2FDDDF1200821428 /* Sources */,
				7AC915BB2FDDDF1200821428 /* Frameworks */,
				7AC915BC2FDDDF1200821428 /* Resources */,
			);
			buildRules = (
			);
			dependencies = (
				7AC915C02FDDDF1200821428 /* PBXTargetDependency */,
			);
			fileSystemSynchronizedGroups = (
				7AC915C12FDDDF1200821428 /* QuantumCoreTests */,
			);
			name = QuantumCoreTests;
			packageProductDependencies = (
			);
			productName = QuantumCoreTests;
			productReference = 7AC915BE2FDDDF1200821428 /* QuantumCoreTests.xctest */;
			productType = "com.apple.product-type.bundle.unit-test";
		};
		7AC915C72FDDDF1200821428 /* QuantumCoreUITests */ = {
			isa = PBXNativeTarget;
			buildConfigurationList = 7AC915D82FDDDF1200821428 /* Build configuration list for PBXNativeTarget "QuantumCoreUITests" */;
			buildPhases = (
				7AC915C42FDDDF1200821428 /* Sources */,
				7AC915C52FDDDF1200821428 /* Frameworks */,
				7AC915C62FDDDF1200821428 /* Resources */,
			);
			buildRules = (
			);
			dependencies = (
				7AC915CA2FDDDF1200821428 /* PBXTargetDependency */,
			);
			fileSystemSynchronizedGroups = (
				7AC915CB2FDDDF1200821428 /* QuantumCoreUITests */,
			);
			name = QuantumCoreUITests;
			packageProductDependencies = (
			);
			productName = QuantumCoreUITests;
			productReference = 7AC915C82FDDDF1200821428 /* QuantumCoreUITests.xctest */;
			productType = "com.apple.product-type.bundle.ui-testing";
		};
/* End PBXNativeTarget section */

/* Begin PBXProject section */
		7AC915A92FDDDF1200821428 /* Project object */ = {
			isa = PBXProject;
			attributes = {
				BuildIndependentTargetsInParallel = 1;
				LastSwiftUpdateCheck = 2630;
				LastUpgradeCheck = 2630;
				TargetAttributes = {
					7AC915B02FDDDF1200821428 = {
						CreatedOnToolsVersion = 26.3;
					};
					7AC915BD2FDDDF1200821428 = {
						CreatedOnToolsVersion = 26.3;
						TestTargetID = 7AC915B02FDDDF1200821428;
					};
					7AC915C72FDDDF1200821428 = {
						CreatedOnToolsVersion = 26.3;
						TestTargetID = 7AC915B02FDDDF1200821428;
					};
				};
			};
			buildConfigurationList = 7AC915AC2FDDDF1200821428 /* Build configuration list for PBXProject "QuantumCore" */;
			developmentRegion = en;
			hasScannedForEncodings = 0;
			knownRegions = (
				en,
				Base,
			);
			mainGroup = 7AC915A82FDDDF1200821428;
			minimizedProjectReferenceProxies = 1;
			packageReferences = (
				7AC916CB2FDDEAE400821428 /* XCLocalSwiftPackageReference "Core" */,
				7AC916D02FDDEB1C00821428 /* XCLocalSwiftPackageReference "../../Developer/QuantumScenes" */,
			);
			preferredProjectObjectVersion = 77;
			productRefGroup = 7AC915B22FDDDF1200821428 /* Products */;
			projectDirPath = "";
			projectRoot = "";
			targets = (
				7AC915B02FDDDF1200821428 /* QuantumCore */,
				7AC915BD2FDDDF1200821428 /* QuantumCoreTests */,
				7AC915C72FDDDF1200821428 /* QuantumCoreUITests */,
			);
		};
/* End PBXProject section */

/* Begin PBXResourcesBuildPhase section */
		7AC915AF2FDDDF1200821428 /* Resources */ = {
			isa = PBXResourcesBuildPhase;
			buildActionMask = 2147483647;
			files = (
			);
			runOnlyForDeploymentPostprocessing = 0;
		};
		7AC915BC2FDDDF1200821428 /* Resources */ = {
			isa = PBXResourcesBuildPhase;
			buildActionMask = 2147483647;
			files = (
			);
			runOnlyForDeploymentPostprocessing = 0;
		};
		7AC915C62FDDDF1200821428 /* Resources */ = {
			isa = PBXResourcesBuildPhase;
			buildActionMask = 2147483647;
			files = (
			);
			runOnlyForDeploymentPostprocessing = 0;
		};
/* End PBXResourcesBuildPhase section */

/* Begin PBXSourcesBuildPhase section */
		7AC915AD2FDDDF1200821428 /* Sources */ = {
			isa = PBXSourcesBuildPhase;
			buildActionMask = 2147483647;
			files = (
			);
			runOnlyForDeploymentPostprocessing = 0;
		};
		7AC915BA2FDDDF1200821428 /* Sources */ = {
			isa = PBXSourcesBuildPhase;
			buildActionMask = 2147483647;
			files = (
			);
			runOnlyForDeploymentPostprocessing = 0;
		};
		7AC915C42FDDDF1200821428 /* Sources */ = {
			isa = PBXSourcesBuildPhase;
			buildActionMask = 2147483647;
			files = (
			);
			runOnlyForDeploymentPostprocessing = 0;
		};
/* End PBXSourcesBuildPhase section */

/* Begin PBXTargetDependency section */
		7AC915C02FDDDF1200821428 /* PBXTargetDependency */ = {
			isa = PBXTargetDependency;
			target = 7AC915B02FDDDF1200821428 /* QuantumCore */;
			targetProxy = 7AC915BF2FDDDF1200821428 /* PBXContainerItemProxy */;
		};
		7AC915CA2FDDDF1200821428 /* PBXTargetDependency */ = {
			isa = PBXTargetDependency;
			target = 7AC915B02FDDDF1200821428 /* QuantumCore */;
			targetProxy = 7AC915C92FDDDF1200821428 /* PBXContainerItemProxy */;
		};
/* End PBXTargetDependency section */

/* Begin XCBuildConfiguration section */
		7AC915D02FDDDF1200821428 /* Debug */ = {
			isa = XCBuildConfiguration;
			buildSettings = {
				ALWAYS_SEARCH_USER_PATHS = NO;
				ASSETCATALOG_COMPILER_GENERATE_SWIFT_ASSET_SYMBOL_EXTENSIONS = YES;
				CLANG_ANALYZER_NONNULL = YES;
				CLANG_ANALYZER_NUMBER_OBJECT_CONVERSION = YES_AGGRESSIVE;
				CLANG_CXX_LANGUAGE_STANDARD = "gnu++20";
				CLANG_ENABLE_MODULES = YES;
				CLANG_ENABLE_OBJC_ARC = YES;
				CLANG_ENABLE_OBJC_WEAK = YES;
				CLANG_WARN_BLOCK_CAPTURE_AUTORELEASING = YES;
				CLANG_WARN_BOOL_CONVERSION = YES;
				CLANG_WARN_COMMA = YES;
				CLANG_WARN_CONSTANT_CONVERSION = YES;
				CLANG_WARN_DEPRECATED_OBJC_IMPLEMENTATIONS = YES;
				CLANG_WARN_DIRECT_OBJC_ISA_USAGE = YES_ERROR;
				CLANG_WARN_DOCUMENTATION_COMMENTS = YES;
				CLANG_WARN_EMPTY_BODY = YES;
				CLANG_WARN_ENUM_CONVERSION = YES;
				CLANG_WARN_INFINITE_RECURSION = YES;
				CLANG_WARN_INT_CONVERSION = YES;
				CLANG_WARN_NON_LITERAL_NULL_CONVERSION = YES;
				CLANG_WARN_OBJC_IMPLICIT_RETAIN_SELF = YES;
				CLANG_WARN_OBJC_LITERAL_CONVERSION = YES;
				CLANG_WARN_OBJC_ROOT_CLASS = YES_ERROR;
				CLANG_WARN_QUOTED_INCLUDE_IN_FRAMEWORK_HEADER = YES;
				CLANG_WARN_RANGE_LOOP_ANALYSIS = YES;
				CLANG_WARN_STRICT_PROTOTYPES = YES;
				CLANG_WARN_SUSPICIOUS_MOVE = YES;
				CLANG_WARN_UNGUARDED_AVAILABILITY = YES_AGGRESSIVE;
				CLANG_WARN_UNREACHABLE_CODE = YES;
				CLANG_WARN__DUPLICATE_METHOD_MATCH = YES;
				COPY_PHASE_STRIP = NO;
				DEBUG_INFORMATION_FORMAT = dwarf;
				DEVELOPMENT_TEAM = KH4Y5ANACG;
				ENABLE_STRICT_OBJC_MSGSEND = YES;
				ENABLE_TESTABILITY = YES;
				ENABLE_USER_SCRIPT_SANDBOXING = YES;
				GCC_C_LANGUAGE_STANDARD = gnu17;
				GCC_DYNAMIC_NO_PIC = NO;
				GCC_NO_COMMON_BLOCKS = YES;
				GCC_OPTIMIZATION_LEVEL = 0;
				GCC_PREPROCESSOR_DEFINITIONS = (
					"DEBUG=1",
					"$(inherited)",
				);
				GCC_WARN_64_TO_32_BIT_CONVERSION = YES;
				GCC_WARN_ABOUT_RETURN_TYPE = YES_ERROR;
				GCC_WARN_UNDECLARED_SELECTOR = YES;
				GCC_WARN_UNINITIALIZED_AUTOS = YES_AGGRESSIVE;
				GCC_WARN_UNUSED_FUNCTION = YES;
				GCC_WARN_UNUSED_VARIABLE = YES;
				IPHONEOS_DEPLOYMENT_TARGET = 18.0;
				LOCALIZATION_PREFERS_STRING_CATALOGS = YES;
				MTL_ENABLE_DEBUG_INFO = INCLUDE_SOURCE;
				MTL_FAST_MATH = YES;
				ONLY_ACTIVE_ARCH = YES;
				SDKROOT = iphoneos;
				SWIFT_ACTIVE_COMPILATION_CONDITIONS = "DEBUG $(inherited)";
				SWIFT_OPTIMIZATION_LEVEL = "-Onone";
				XROS_DEPLOYMENT_TARGET = 2.0;
			};
			name = Debug;
		};
		7AC915D12FDDDF1200821428 /* Release */ = {
			isa = XCBuildConfiguration;
			buildSettings = {
				ALWAYS_SEARCH_USER_PATHS = NO;
				ASSETCATALOG_COMPILER_GENERATE_SWIFT_ASSET_SYMBOL_EXTENSIONS = YES;
				CLANG_ANALYZER_NONNULL = YES;
				CLANG_ANALYZER_NUMBER_OBJECT_CONVERSION = YES_AGGRESSIVE;
				CLANG_CXX_LANGUAGE_STANDARD = "gnu++20";
				CLANG_ENABLE_MODULES = YES;
				CLANG_ENABLE_OBJC_ARC = YES;
				CLANG_ENABLE_OBJC_WEAK = YES;
				CLANG_WARN_BLOCK_CAPTURE_AUTORELEASING = YES;
				CLANG_WARN_BOOL_CONVERSION = YES;
				CLANG_WARN_COMMA = YES;
				CLANG_WARN_CONSTANT_CONVERSION = YES;
				CLANG_WARN_DEPRECATED_OBJC_IMPLEMENTATIONS = YES;
				CLANG_WARN_DIRECT_OBJC_ISA_USAGE = YES_ERROR;
				CLANG_WARN_DOCUMENTATION_COMMENTS = YES;
				CLANG_WARN_EMPTY_BODY = YES;
				CLANG_WARN_ENUM_CONVERSION = YES;
				CLANG_WARN_INFINITE_RECURSION = YES;
				CLANG_WARN_INT_CONVERSION = YES;
				CLANG_WARN_NON_LITERAL_NULL_CONVERSION = YES;
				CLANG_WARN_OBJC_IMPLICIT_RETAIN_SELF = YES;
				CLANG_WARN_OBJC_LITERAL_CONVERSION = YES;
				CLANG_WARN_OBJC_ROOT_CLASS = YES_ERROR;
				CLANG_WARN_QUOTED_INCLUDE_IN_FRAMEWORK_HEADER = YES;
				CLANG_WARN_RANGE_LOOP_ANALYSIS = YES;
				CLANG_WARN_STRICT_PROTOTYPES = YES;
				CLANG_WARN_SUSPICIOUS_MOVE = YES;
				CLANG_WARN_UNGUARDED_AVAILABILITY = YES_AGGRESSIVE;
				CLANG_WARN_UNREACHABLE_CODE = YES;
				CLANG_WARN__DUPLICATE_METHOD_MATCH = YES;
				COPY_PHASE_STRIP = NO;
				DEBUG_INFORMATION_FORMAT = "dwarf-with-dsym";
				DEVELOPMENT_TEAM = KH4Y5ANACG;
				ENABLE_NS_ASSERTIONS = NO;
				ENABLE_STRICT_OBJC_MSGSEND = YES;
				ENABLE_USER_SCRIPT_SANDBOXING = YES;
				GCC_C_LANGUAGE_STANDARD = gnu17;
				GCC_NO_COMMON_BLOCKS = YES;
				GCC_WARN_64_TO_32_BIT_CONVERSION = YES;
				GCC_WARN_ABOUT_RETURN_TYPE = YES_ERROR;
				GCC_WARN_UNDECLARED_SELECTOR = YES;
				GCC_WARN_UNINITIALIZED_AUTOS = YES_AGGRESSIVE;
				GCC_WARN_UNUSED_FUNCTION = YES;
				GCC_WARN_UNUSED_VARIABLE = YES;
				IPHONEOS_DEPLOYMENT_TARGET = 18.0;
				LOCALIZATION_PREFERS_STRING_CATALOGS = YES;
				MTL_ENABLE_DEBUG_INFO = NO;
				MTL_FAST_MATH = YES;
				SDKROOT = iphoneos;
				SWIFT_COMPILATION_MODE = wholemodule;
				VALIDATE_PRODUCT = YES;
				XROS_DEPLOYMENT_TARGET = 2.0;
			};
			name = Release;
		};
		7AC915D32FDDDF1200821428 /* Debug */ = {
			isa = XCBuildConfiguration;
			buildSettings = {
				ASSETCATALOG_COMPILER_APPICON_NAME = AppIcon;
				ASSETCATALOG_COMPILER_GLOBAL_ACCENT_COLOR_NAME = AccentColor;
				CODE_SIGN_STYLE = Automatic;
				CURRENT_PROJECT_VERSION = 1;
				DEVELOPMENT_TEAM = KH4Y5ANACG;
				ENABLE_PREVIEWS = YES;
				GENERATE_INFOPLIST_FILE = YES;
				INFOPLIST_KEY_ITSAppUsesNonExemptEncryption = NO;
				INFOPLIST_KEY_UIApplicationSceneManifest_Generation = YES;
				INFOPLIST_KEY_UIApplicationSupportsIndirectInputEvents = YES;
				INFOPLIST_KEY_UILaunchScreen_Generation = YES;
				INFOPLIST_KEY_UIRequiresFullScreen = YES;
				INFOPLIST_KEY_UISupportedInterfaceOrientations_iPad = "UIInterfaceOrientationLandscapeLeft UIInterfaceOrientationLandscapeRight";
				INFOPLIST_KEY_UISupportedInterfaceOrientations_iPhone = "UIInterfaceOrientationLandscapeLeft UIInterfaceOrientationLandscapeRight";
				LD_RUNPATH_SEARCH_PATHS = (
					"$(inherited)",
					"@executable_path/Frameworks",
				);
				MARKETING_VERSION = 1.0;
				PRODUCT_BUNDLE_IDENTIFIER = marlon.QuantumCore;
				PRODUCT_NAME = "$(TARGET_NAME)";
				STRING_CATALOG_GENERATE_SYMBOLS = YES;
				SUPPORTED_PLATFORMS = "iphoneos iphonesimulator xros xrsimulator";
				SUPPORTS_MACCATALYST = NO;
				SUPPORTS_XR_DESIGNED_FOR_IPHONE_IPAD = NO;
				SWIFT_APPROACHABLE_CONCURRENCY = YES;
				SWIFT_DEFAULT_ACTOR_ISOLATION = MainActor;
				SWIFT_EMIT_LOC_STRINGS = YES;
				SWIFT_UPCOMING_FEATURE_MEMBER_IMPORT_VISIBILITY = YES;
				SWIFT_VERSION = 5.0;
				TARGETED_DEVICE_FAMILY = "1,2,7";
			};
			name = Debug;
		};
		7AC915D42FDDDF1200821428 /* Release */ = {
			isa = XCBuildConfiguration;
			buildSettings = {
				ASSETCATALOG_COMPILER_APPICON_NAME = AppIcon;
				ASSETCATALOG_COMPILER_GLOBAL_ACCENT_COLOR_NAME = AccentColor;
				CODE_SIGN_STYLE = Automatic;
				CURRENT_PROJECT_VERSION = 1;
				DEVELOPMENT_TEAM = KH4Y5ANACG;
				ENABLE_PREVIEWS = YES;
				GENERATE_INFOPLIST_FILE = YES;
				INFOPLIST_KEY_ITSAppUsesNonExemptEncryption = NO;
				INFOPLIST_KEY_UIApplicationSceneManifest_Generation = YES;
				INFOPLIST_KEY_UIApplicationSupportsIndirectInputEvents = YES;
				INFOPLIST_KEY_UILaunchScreen_Generation = YES;
				INFOPLIST_KEY_UIRequiresFullScreen = YES;
				INFOPLIST_KEY_UISupportedInterfaceOrientations_iPad = "UIInterfaceOrientationLandscapeLeft UIInterfaceOrientationLandscapeRight";
				INFOPLIST_KEY_UISupportedInterfaceOrientations_iPhone = "UIInterfaceOrientationLandscapeLeft UIInterfaceOrientationLandscapeRight";
				LD_RUNPATH_SEARCH_PATHS = (
					"$(inherited)",
					"@executable_path/Frameworks",
				);
				MARKETING_VERSION = 1.0;
				PRODUCT_BUNDLE_IDENTIFIER = marlon.QuantumCore;
				PRODUCT_NAME = "$(TARGET_NAME)";
				STRING_CATALOG_GENERATE_SYMBOLS = YES;
				SUPPORTED_PLATFORMS = "iphoneos iphonesimulator xros xrsimulator";
				SUPPORTS_MACCATALYST = NO;
				SUPPORTS_XR_DESIGNED_FOR_IPHONE_IPAD = NO;
				SWIFT_APPROACHABLE_CONCURRENCY = YES;
				SWIFT_DEFAULT_ACTOR_ISOLATION = MainActor;
				SWIFT_EMIT_LOC_STRINGS = YES;
				SWIFT_UPCOMING_FEATURE_MEMBER_IMPORT_VISIBILITY = YES;
				SWIFT_VERSION = 5.0;
				TARGETED_DEVICE_FAMILY = "1,2,7";
			};
			name = Release;
		};
		7AC915D62FDDDF1200821428 /* Debug */ = {
			isa = XCBuildConfiguration;
			buildSettings = {
				BUNDLE_LOADER = "$(TEST_HOST)";
				CODE_SIGN_STYLE = Automatic;
				CURRENT_PROJECT_VERSION = 1;
				DEVELOPMENT_TEAM = KH4Y5ANACG;
				GENERATE_INFOPLIST_FILE = YES;
				IPHONEOS_DEPLOYMENT_TARGET = 18.0;
				MARKETING_VERSION = 1.0;
				PRODUCT_BUNDLE_IDENTIFIER = marlon.QuantumCoreTests;
				PRODUCT_NAME = "$(TARGET_NAME)";
				STRING_CATALOG_GENERATE_SYMBOLS = NO;
				SWIFT_APPROACHABLE_CONCURRENCY = YES;
				SWIFT_EMIT_LOC_STRINGS = NO;
				SWIFT_UPCOMING_FEATURE_MEMBER_IMPORT_VISIBILITY = YES;
				SWIFT_VERSION = 5.0;
				TARGETED_DEVICE_FAMILY = "1,2";
				TEST_HOST = "$(BUILT_PRODUCTS_DIR)/QuantumCore.app/$(BUNDLE_EXECUTABLE_FOLDER_PATH)/QuantumCore";
			};
			name = Debug;
		};
		7AC915D72FDDDF1200821428 /* Release */ = {
			isa = XCBuildConfiguration;
			buildSettings = {
				BUNDLE_LOADER = "$(TEST_HOST)";
				CODE_SIGN_STYLE = Automatic;
				CURRENT_PROJECT_VERSION = 1;
				DEVELOPMENT_TEAM = KH4Y5ANACG;
				GENERATE_INFOPLIST_FILE = YES;
				IPHONEOS_DEPLOYMENT_TARGET = 18.0;
				MARKETING_VERSION = 1.0;
				PRODUCT_BUNDLE_IDENTIFIER = marlon.QuantumCoreTests;
				PRODUCT_NAME = "$(TARGET_NAME)";
				STRING_CATALOG_GENERATE_SYMBOLS = NO;
				SWIFT_APPROACHABLE_CONCURRENCY = YES;
				SWIFT_EMIT_LOC_STRINGS = NO;
				SWIFT_UPCOMING_FEATURE_MEMBER_IMPORT_VISIBILITY = YES;
				SWIFT_VERSION = 5.0;
				TARGETED_DEVICE_FAMILY = "1,2";
				TEST_HOST = "$(BUILT_PRODUCTS_DIR)/QuantumCore.app/$(BUNDLE_EXECUTABLE_FOLDER_PATH)/QuantumCore";
			};
			name = Release;
		};
		7AC915D92FDDDF1200821428 /* Debug */ = {
			isa = XCBuildConfiguration;
			buildSettings = {
				CODE_SIGN_STYLE = Automatic;
				CURRENT_PROJECT_VERSION = 1;
				DEVELOPMENT_TEAM = KH4Y5ANACG;
				GENERATE_INFOPLIST_FILE = YES;
				MARKETING_VERSION = 1.0;
				PRODUCT_BUNDLE_IDENTIFIER = marlon.QuantumCoreUITests;
				PRODUCT_NAME = "$(TARGET_NAME)";
				STRING_CATALOG_GENERATE_SYMBOLS = NO;
				SWIFT_APPROACHABLE_CONCURRENCY = YES;
				SWIFT_EMIT_LOC_STRINGS = NO;
				SWIFT_UPCOMING_FEATURE_MEMBER_IMPORT_VISIBILITY = YES;
				SWIFT_VERSION = 5.0;
				TARGETED_DEVICE_FAMILY = "1,2";
				TEST_TARGET_NAME = QuantumCore;
			};
			name = Debug;
		};
		7AC915DA2FDDDF1200821428 /* Release */ = {
			isa = XCBuildConfiguration;
			buildSettings = {
				CODE_SIGN_STYLE = Automatic;
				CURRENT_PROJECT_VERSION = 1;
				DEVELOPMENT_TEAM = KH4Y5ANACG;
				GENERATE_INFOPLIST_FILE = YES;
				MARKETING_VERSION = 1.0;
				PRODUCT_BUNDLE_IDENTIFIER = marlon.QuantumCoreUITests;
				PRODUCT_NAME = "$(TARGET_NAME)";
				STRING_CATALOG_GENERATE_SYMBOLS = NO;
				SWIFT_APPROACHABLE_CONCURRENCY = YES;
				SWIFT_EMIT_LOC_STRINGS = NO;
				SWIFT_UPCOMING_FEATURE_MEMBER_IMPORT_VISIBILITY = YES;
				SWIFT_VERSION = 5.0;
				TARGETED_DEVICE_FAMILY = "1,2";
				TEST_TARGET_NAME = QuantumCore;
			};
			name = Release;
		};
/* End XCBuildConfiguration section */

/* Begin XCConfigurationList section */
		7AC915AC2FDDDF1200821428 /* Build configuration list for PBXProject "QuantumCore" */ = {
			isa = XCConfigurationList;
			buildConfigurations = (
				7AC915D02FDDDF1200821428 /* Debug */,
				7AC915D12FDDDF1200821428 /* Release */,
			);
			defaultConfigurationIsVisible = 0;
			defaultConfigurationName = Release;
		};
		7AC915D22FDDDF1200821428 /* Build configuration list for PBXNativeTarget "QuantumCore" */ = {
			isa = XCConfigurationList;
			buildConfigurations = (
				7AC915D32FDDDF1200821428 /* Debug */,
				7AC915D42FDDDF1200821428 /* Release */,
			);
			defaultConfigurationIsVisible = 0;
			defaultConfigurationName = Release;
		};
		7AC915D52FDDDF1200821428 /* Build configuration list for PBXNativeTarget "QuantumCoreTests" */ = {
			isa = XCConfigurationList;
			buildConfigurations = (
				7AC915D62FDDDF1200821428 /* Debug */,
				7AC915D72FDDDF1200821428 /* Release */,
			);
			defaultConfigurationIsVisible = 0;
			defaultConfigurationName = Release;
		};
		7AC915D82FDDDF1200821428 /* Build configuration list for PBXNativeTarget "QuantumCoreUITests" */ = {
			isa = XCConfigurationList;
			buildConfigurations = (
				7AC915D92FDDDF1200821428 /* Debug */,
				7AC915DA2FDDDF1200821428 /* Release */,
			);
			defaultConfigurationIsVisible = 0;
			defaultConfigurationName = Release;
		};
/* End XCConfigurationList section */

/* Begin XCLocalSwiftPackageReference section */
		7AC916CB2FDDEAE400821428 /* XCLocalSwiftPackageReference "Core" */ = {
			isa = XCLocalSwiftPackageReference;
			relativePath = Core;
		};
		7AC916D02FDDEB1C00821428 /* XCLocalSwiftPackageReference "../../Developer/QuantumScenes" */ = {
			isa = XCLocalSwiftPackageReference;
			relativePath = ../../Developer/QuantumScenes;
		};
/* End XCLocalSwiftPackageReference section */

/* Begin XCSwiftPackageProductDependency section */
		7AC916CD2FDDEB1C00821428 /* Core */ = {
			isa = XCSwiftPackageProductDependency;
			package = 7AC916CB2FDDEAE400821428 /* XCLocalSwiftPackageReference "Core" */;
			productName = Core;
		};
		7AC916D12FDDEB1C00821428 /* QuantumScenes */ = {
			isa = XCSwiftPackageProductDependency;
			package = 7AC916D02FDDEB1C00821428 /* XCLocalSwiftPackageReference "../../Developer/QuantumScenes" */;
			productName = QuantumScenes;
		};
/* End XCSwiftPackageProductDependency section */
	};
	rootObject = 7AC915A92FDDDF1200821428 /* Project object */;
}
